
Microsoft Visual Studio Solution File, Format Version 12.00
# Visual Studio 15
VisualStudioVersion = 15.0.28010.2036
MinimumVisualStudioVersion = 10.0.40219.1
Project("{FAE04EC0-301F-11D3-BF4B-00C04F79EFBC}") = "Mobile_Shared_Api", "Mobile_Shared_Api\Mobile_Shared_Api.csproj", "{2324FAF8-7C15-4F3C-A7F6-E1D55B8958D5}"
EndProject
Project("{FAE04EC0-301F-11D3-BF4B-00C04F79EFBC}") = "Mobile_Shared_Web", "Mobile_Shared_Web\Mobile_Shared_Web.csproj", "{9AA3C0F1-D698-4A9B-85FF-A60B7B27A155}"
EndProject
Project("{FAE04EC0-301F-11D3-BF4B-00C04F79EFBC}") = "KobieRewards.Android", "KobieRewards\KobieRewards.Android\KobieRewards.Android.csproj", "{586C4E5B-EDEC-4172-98D4-685AC0D686AC}"
EndProject
Project("{FAE04EC0-301F-11D3-BF4B-00C04F79EFBC}") = "KobieRewards.iOS", "KobieRewards\KobieRewards.iOS\KobieRewards.iOS.csproj", "{42656B07-D13C-45EC-9897-0F8EEF3430EC}"
EndProject
Project("{FAE04EC0-301F-11D3-BF4B-00C04F79EFBC}") = "KobieRewards", "KobieRewards\KobieRewards\KobieRewards.csproj", "{068699F3-CF13-41F7-9A9C-F8A7D893AEBC}"
EndProject
Global
	GlobalSection(SolutionConfigurationPlatforms) = preSolution
		Ad-Hoc|Any CPU = Ad-Hoc|Any CPU
		Ad-Hoc|ARM = Ad-Hoc|ARM
		Ad-Hoc|iPhone = Ad-Hoc|iPhone
		Ad-Hoc|iPhoneSimulator = Ad-Hoc|iPhoneSimulator
		Ad-Hoc|x64 = Ad-Hoc|x64
		Ad-Hoc|x86 = Ad-Hoc|x86
		AppStore|Any CPU = AppStore|Any CPU
		AppStore|ARM = AppStore|ARM
		AppStore|iPhone = AppStore|iPhone
		AppStore|iPhoneSimulator = AppStore|iPhoneSimulator
		AppStore|x64 = AppStore|x64
		AppStore|x86 = AppStore|x86
		Debug|Any CPU = Debug|Any CPU
		Debug|ARM = Debug|ARM
		Debug|iPhone = Debug|iPhone
		Debug|iPhoneSimulator = Debug|iPhoneSimulator
		Debug|x64 = Debug|x64
		Debug|x86 = Debug|x86
		Release|Any CPU = Release|Any CPU
		Release|ARM = Release|ARM
		Release|iPhone = Release|iPhone
		Release|iPhoneSimulator = Release|iPhoneSimulator
		Release|x64 = Release|x64
		Release|x86 = Release|x86
	EndGlobalSection
	GlobalSection(ProjectConfigurationPlatforms) = postSolution
		{2324FAF8-7C15-4F3C-A7F6-E1D55B8958D5}.Ad-Hoc|Any CPU.ActiveCfg = Release|Any CPU
		{2324FAF8-7C15-4F3C-A7F6-E1D55B8958D5}.Ad-Hoc|Any CPU.Build.0 = Release|Any CPU
		{2324FAF8-7C15-4F3C-A7F6-E1D55B8958D5}.Ad-Hoc|ARM.ActiveCfg = Release|Any CPU
		{2324FAF8-7C15-4F3C-A7F6-E1D55B8958D5}.Ad-Hoc|ARM.Build.0 = Release|Any CPU
		{2324FAF8-7C15-4F3C-A7F6-E1D55B8958D5}.Ad-Hoc|iPhone.ActiveCfg = Release|Any CPU
		{2324FAF8-7C15-4F3C-A7F6-E1D55B8958D5}.Ad-Hoc|iPhone.Build.0 = Release|Any CPU
		{2324FAF8-7C15-4F3C-A7F6-E1D55B8958D5}.Ad-Hoc|iPhoneSimulator.ActiveCfg = Release|Any CPU
		{2324FAF8-7C15-4F3C-A7F6-E1D55B8958D5}.Ad-Hoc|iPhoneSimulator.Build.0 = Release|Any CPU
		{2324FAF8-7C15-4F3C-A7F6-E1D55B8958D5}.Ad-Hoc|x64.ActiveCfg = Release|Any CPU
		{2324FAF8-7C15-4F3C-A7F6-E1D55B8958D5}.Ad-Hoc|x64.Build.0 = Release|Any CPU
		{2324FAF8-7C15-4F3C-A7F6-E1D55B8958D5}.Ad-Hoc|x86.ActiveCfg = Release|Any CPU
		{2324FAF8-7C15-4F3C-A7F6-E1D55B8958D5}.Ad-Hoc|x86.Build.0 = Release|Any CPU
		{2324FAF8-7C15-4F3C-A7F6-E1D55B8958D5}.AppStore|Any CPU.ActiveCfg = Release|Any CPU
		{2324FAF8-7C15-4F3C-A7F6-E1D55B8958D5}.AppStore|Any CPU.Build.0 = Release|Any CPU
		{2324FAF8-7C15-4F3C-A7F6-E1D55B8958D5}.AppStore|ARM.ActiveCfg = Release|Any CPU
		{2324FAF8-7C15-4F3C-A7F6-E1D55B8958D5}.AppStore|ARM.Build.0 = Release|Any CPU
		{2324FAF8-7C15-4F3C-A7F6-E1D55B8958D5}.AppStore|iPhone.ActiveCfg = Release|Any CPU
		{2324FAF8-7C15-4F3C-A7F6-E1D55B8958D5}.AppStore|iPhone.Build.0 = Release|Any CPU
		{2324FAF8-7C15-4F3C-A7F6-E1D55B8958D5}.AppStore|iPhoneSimulator.ActiveCfg = Release|Any CPU
		{2324FAF8-7C15-4F3C-A7F6-E1D55B8958D5}.AppStore|iPhoneSimulator.Build.0 = Release|Any CPU
		{2324FAF8-7C15-4F3C-A7F6-E1D55B8958D5}.AppStore|x64.ActiveCfg = Release|Any CPU
		{2324FAF8-7C15-4F3C-A7F6-E1D55B8958D5}.AppStore|x64.Build.0 = Release|Any CPU
		{2324FAF8-7C15-4F3C-A7F6-E1D55B8958D5}.AppStore|x86.ActiveCfg = Release|Any CPU
		{2324FAF8-7C15-4F3C-A7F6-E1D55B8958D5}.AppStore|x86.Build.0 = Release|Any CPU
		{2324FAF8-7C15-4F3C-A7F6-E1D55B8958D5}.Debug|Any CPU.ActiveCfg = Debug|Any CPU
		{2324FAF8-7C15-4F3C-A7F6-E1D55B8958D5}.Debug|Any CPU.Build.0 = Debug|Any CPU
		{2324FAF8-7C15-4F3C-A7F6-E1D55B8958D5}.Debug|ARM.ActiveCfg = Debug|Any CPU
		{2324FAF8-7C15-4F3C-A7F6-E1D55B8958D5}.Debug|ARM.Build.0 = Debug|Any CPU
		{2324FAF8-7C15-4F3C-A7F6-E1D55B8958D5}.Debug|iPhone.ActiveCfg = Debug|Any CPU
		{2324FAF8-7C15-4F3C-A7F6-E1D55B8958D5}.Debug|iPhone.Build.0 = Debug|Any CPU
		{2324FAF8-7C15-4F3C-A7F6-E1D55B8958D5}.Debug|iPhoneSimulator.ActiveCfg = Debug|Any CPU
		{2324FAF8-7C15-4F3C-A7F6-E1D55B8958D5}.Debug|iPhoneSimulator.Build.0 = Debug|Any CPU
		{2324FAF8-7C15-4F3C-A7F6-E1D55B8958D5}.Debug|x64.ActiveCfg = Debug|Any CPU
		{2324FAF8-7C15-4F3C-A7F6-E1D55B8958D5}.Debug|x64.Build.0 = Debug|Any CPU
		{2324FAF8-7C15-4F3C-A7F6-E1D55B8958D5}.Debug|x86.ActiveCfg = Debug|Any CPU
		{2324FAF8-7C15-4F3C-A7F6-E1D55B8958D5}.Debug|x86.Build.0 = Debug|Any CPU
		{2324FAF8-7C15-4F3C-A7F6-E1D55B8958D5}.Release|Any CPU.ActiveCfg = Release|Any CPU
		{2324FAF8-7C15-4F3C-A7F6-E1D55B8958D5}.Release|Any CPU.Build.0 = Release|Any CPU
		{2324FAF8-7C15-4F3C-A7F6-E1D55B8958D5}.Release|ARM.ActiveCfg = Release|Any CPU
		{2324FAF8-7C15-4F3C-A7F6-E1D55B8958D5}.Release|ARM.Build.0 = Release|Any CPU
		{2324FAF8-7C15-4F3C-A7F6-E1D55B8958D5}.Release|iPhone.ActiveCfg = Release|Any CPU
		{2324FAF8-7C15-4F3C-A7F6-E1D55B8958D5}.Release|iPhone.Build.0 = Release|Any CPU
		{2324FAF8-7C15-4F3C-A7F6-E1D55B8958D5}.Release|iPhoneSimulator.ActiveCfg = Release|Any CPU
		{2324FAF8-7C15-4F3C-A7F6-E1D55B8958D5}.Release|iPhoneSimulator.Build.0 = Release|Any CPU
		{2324FAF8-7C15-4F3C-A7F6-E1D55B8958D5}.Release|x64.ActiveCfg = Release|Any CPU
		{2324FAF8-7C15-4F3C-A7F6-E1D55B8958D5}.Release|x64.Build.0 = Release|Any CPU
		{2324FAF8-7C15-4F3C-A7F6-E1D55B8958D5}.Release|x86.ActiveCfg = Release|Any CPU
		{2324FAF8-7C15-4F3C-A7F6-E1D55B8958D5}.Release|x86.Build.0 = Release|Any CPU
		{9AA3C0F1-D698-4A9B-85FF-A60B7B27A155}.Ad-Hoc|Any CPU.ActiveCfg = Release|Any CPU
		{9AA3C0F1-D698-4A9B-85FF-A60B7B27A155}.Ad-Hoc|Any CPU.Build.0 = Release|Any CPU
		{9AA3C0F1-D698-4A9B-85FF-A60B7B27A155}.Ad-Hoc|ARM.ActiveCfg = Release|Any CPU
		{9AA3C0F1-D698-4A9B-85FF-A60B7B27A155}.Ad-Hoc|ARM.Build.0 = Release|Any CPU
		{9AA3C0F1-D698-4A9B-85FF-A60B7B27A155}.Ad-Hoc|iPhone.ActiveCfg = Release|Any CPU
		{9AA3C0F1-D698-4A9B-85FF-A60B7B27A155}.Ad-Hoc|iPhone.Build.0 = Release|Any CPU
		{9AA3C0F1-D698-4A9B-85FF-A60B7B27A155}.Ad-Hoc|iPhoneSimulator.ActiveCfg = Release|Any CPU
		{9AA3C0F1-D698-4A9B-85FF-A60B7B27A155}.Ad-Hoc|iPhoneSimulator.Build.0 = Release|Any CPU
		{9AA3C0F1-D698-4A9B-85FF-A60B7B27A155}.Ad-Hoc|x64.ActiveCfg = Release|Any CPU
		{9AA3C0F1-D698-4A9B-85FF-A60B7B27A155}.Ad-Hoc|x64.Build.0 = Release|Any CPU
		{9AA3C0F1-D698-4A9B-85FF-A60B7B27A155}.Ad-Hoc|x86.ActiveCfg = Release|Any CPU
		{9AA3C0F1-D698-4A9B-85FF-A60B7B27A155}.Ad-Hoc|x86.Build.0 = Release|Any CPU
		{9AA3C0F1-D698-4A9B-85FF-A60B7B27A155}.AppStore|Any CPU.ActiveCfg = Release|Any CPU
		{9AA3C0F1-D698-4A9B-85FF-A60B7B27A155}.AppStore|Any CPU.Build.0 = Release|Any CPU
		{9AA3C0F1-D698-4A9B-85FF-A60B7B27A155}.AppStore|ARM.ActiveCfg = Release|Any CPU
		{9AA3C0F1-D698-4A9B-85FF-A60B7B27A155}.AppStore|ARM.Build.0 = Release|Any CPU
		{9AA3C0F1-D698-4A9B-85FF-A60B7B27A155}.AppStore|iPhone.ActiveCfg = Release|Any CPU
		{9AA3C0F1-D698-4A9B-85FF-A60B7B27A155}.AppStore|iPhone.Build.0 = Release|Any CPU
		{9AA3C0F1-D698-4A9B-85FF-A60B7B27A155}.AppStore|iPhoneSimulator.ActiveCfg = Release|Any CPU
		{9AA3C0F1-D698-4A9B-85FF-A60B7B27A155}.AppStore|iPhoneSimulator.Build.0 = Release|Any CPU
		{9AA3C0F1-D698-4A9B-85FF-A60B7B27A155}.AppStore|x64.ActiveCfg = Release|Any CPU
		{9AA3C0F1-D698-4A9B-85FF-A60B7B27A155}.AppStore|x64.Build.0 = Release|Any CPU
		{9AA3C0F1-D698-4A9B-85FF-A60B7B27A155}.AppStore|x86.ActiveCfg = Release|Any CPU
		{9AA3C0F1-D698-4A9B-85FF-A60B7B27A155}.AppStore|x86.Build.0 = Release|Any CPU
		{9AA3C0F1-D698-4A9B-85FF-A60B7B27A155}.Debug|Any CPU.ActiveCfg = Debug|Any CPU
		{9AA3C0F1-D698-4A9B-85FF-A60B7B27A155}.Debug|Any CPU.Build.0 = Debug|Any CPU
		{9AA3C0F1-D698-4A9B-85FF-A60B7B27A155}.Debug|ARM.ActiveCfg = Debug|Any CPU
		{9AA3C0F1-D698-4A9B-85FF-A60B7B27A155}.Debug|ARM.Build.0 = Debug|Any CPU
		{9AA3C0F1-D698-4A9B-85FF-A60B7B27A155}.Debug|iPhone.ActiveCfg = Debug|Any CPU
		{9AA3C0F1-D698-4A9B-85FF-A60B7B27A155}.Debug|iPhone.Build.0 = Debug|Any CPU
		{9AA3C0F1-D698-4A9B-85FF-A60B7B27A155}.Debug|iPhoneSimulator.ActiveCfg = Debug|Any CPU
		{9AA3C0F1-D698-4A9B-85FF-A60B7B27A155}.Debug|iPhoneSimulator.Build.0 = Debug|Any CPU
		{9AA3C0F1-D698-4A9B-85FF-A60B7B27A155}.Debug|x64.ActiveCfg = Debug|Any CPU
		{9AA3C0F1-D698-4A9B-85FF-A60B7B27A155}.Debug|x64.Build.0 = Debug|Any CPU
		{9AA3C0F1-D698-4A9B-85FF-A60B7B27A155}.Debug|x86.ActiveCfg = Debug|Any CPU
		{9AA3C0F1-D698-4A9B-85FF-A60B7B27A155}.Debug|x86.Build.0 = Debug|Any CPU
		{9AA3C0F1-D698-4A9B-85FF-A60B7B27A155}.Release|Any CPU.ActiveCfg = Release|Any CPU
		{9AA3C0F1-D698-4A9B-85FF-A60B7B27A155}.Release|Any CPU.Build.0 = Release|Any CPU
		{9AA3C0F1-D698-4A9B-85FF-A60B7B27A155}.Release|ARM.ActiveCfg = Release|Any CPU
		{9AA3C0F1-D698-4A9B-85FF-A60B7B27A155}.Release|ARM.Build.0 = Release|Any CPU
		{9AA3C0F1-D698-4A9B-85FF-A60B7B27A155}.Release|iPhone.ActiveCfg = Release|Any CPU
		{9AA3C0F1-D698-4A9B-85FF-A60B7B27A155}.Release|iPhone.Build.0 = Release|Any CPU
		{9AA3C0F1-D698-4A9B-85FF-A60B7B27A155}.Release|iPhoneSimulator.ActiveCfg = Release|Any CPU
		{9AA3C0F1-D698-4A9B-85FF-A60B7B27A155}.Release|iPhoneSimulator.Build.0 = Release|Any CPU
		{9AA3C0F1-D698-4A9B-85FF-A60B7B27A155}.Release|x64.ActiveCfg = Release|Any CPU
		{9AA3C0F1-D698-4A9B-85FF-A60B7B27A155}.Release|x64.Build.0 = Release|Any CPU
		{9AA3C0F1-D698-4A9B-85FF-A60B7B27A155}.Release|x86.ActiveCfg = Release|Any CPU
		{9AA3C0F1-D698-4A9B-85FF-A60B7B27A155}.Release|x86.Build.0 = Release|Any CPU
		{586C4E5B-EDEC-4172-98D4-685AC0D686AC}.Ad-Hoc|Any CPU.ActiveCfg = Release|Any CPU
		{586C4E5B-EDEC-4172-98D4-685AC0D686AC}.Ad-Hoc|Any CPU.Build.0 = Release|Any CPU
		{586C4E5B-EDEC-4172-98D4-685AC0D686AC}.Ad-Hoc|Any CPU.Deploy.0 = Release|Any CPU
		{586C4E5B-EDEC-4172-98D4-685AC0D686AC}.Ad-Hoc|ARM.ActiveCfg = Release|Any CPU
		{586C4E5B-EDEC-4172-98D4-685AC0D686AC}.Ad-Hoc|ARM.Build.0 = Release|Any CPU
		{586C4E5B-EDEC-4172-98D4-685AC0D686AC}.Ad-Hoc|ARM.Deploy.0 = Release|Any CPU
		{586C4E5B-EDEC-4172-98D4-685AC0D686AC}.Ad-Hoc|iPhone.ActiveCfg = Release|Any CPU
		{586C4E5B-EDEC-4172-98D4-685AC0D686AC}.Ad-Hoc|iPhone.Build.0 = Release|Any CPU
		{586C4E5B-EDEC-4172-98D4-685AC0D686AC}.Ad-Hoc|iPhone.Deploy.0 = Release|Any CPU
		{586C4E5B-EDEC-4172-98D4-685AC0D686AC}.Ad-Hoc|iPhoneSimulator.ActiveCfg = Release|Any CPU
		{586C4E5B-EDEC-4172-98D4-685AC0D686AC}.Ad-Hoc|iPhoneSimulator.Build.0 = Release|Any CPU
		{586C4E5B-EDEC-4172-98D4-685AC0D686AC}.Ad-Hoc|iPhoneSimulator.Deploy.0 = Release|Any CPU
		{586C4E5B-EDEC-4172-98D4-685AC0D686AC}.Ad-Hoc|x64.ActiveCfg = Release|Any CPU
		{586C4E5B-EDEC-4172-98D4-685AC0D686AC}.Ad-Hoc|x64.Build.0 = Release|Any CPU
		{586C4E5B-EDEC-4172-98D4-685AC0D686AC}.Ad-Hoc|x64.Deploy.0 = Release|Any CPU
		{586C4E5B-EDEC-4172-98D4-685AC0D686AC}.Ad-Hoc|x86.ActiveCfg = Release|Any CPU
		{586C4E5B-EDEC-4172-98D4-685AC0D686AC}.Ad-Hoc|x86.Build.0 = Release|Any CPU
		{586C4E5B-EDEC-4172-98D4-685AC0D686AC}.Ad-Hoc|x86.Deploy.0 = Release|Any CPU
		{586C4E5B-EDEC-4172-98D4-685AC0D686AC}.AppStore|Any CPU.ActiveCfg = Release|Any CPU
		{586C4E5B-EDEC-4172-98D4-685AC0D686AC}.AppStore|Any CPU.Build.0 = Release|Any CPU
		{586C4E5B-EDEC-4172-98D4-685AC0D686AC}.AppStore|Any CPU.Deploy.0 = Release|Any CPU
		{586C4E5B-EDEC-4172-98D4-685AC0D686AC}.AppStore|ARM.ActiveCfg = Release|Any CPU
		{586C4E5B-EDEC-4172-98D4-685AC0D686AC}.AppStore|ARM.Build.0 = Release|Any CPU
		{586C4E5B-EDEC-4172-98D4-685AC0D686AC}.AppStore|ARM.Deploy.0 = Release|Any CPU
		{586C4E5B-EDEC-4172-98D4-685AC0D686AC}.AppStore|iPhone.ActiveCfg = Release|Any CPU
		{586C4E5B-EDEC-4172-98D4-685AC0D686AC}.AppStore|iPhone.Build.0 = Release|Any CPU
		{586C4E5B-EDEC-4172-98D4-685AC0D686AC}.AppStore|iPhone.Deploy.0 = Release|Any CPU
		{586C4E5B-EDEC-4172-98D4-685AC0D686AC}.AppStore|iPhoneSimulator.ActiveCfg = Release|Any CPU
		{586C4E5B-EDEC-4172-98D4-685AC0D686AC}.AppStore|iPhoneSimulator.Build.0 = Release|Any CPU
		{586C4E5B-EDEC-4172-98D4-685AC0D686AC}.AppStore|iPhoneSimulator.Deploy.0 = Release|Any CPU
		{586C4E5B-EDEC-4172-98D4-685AC0D686AC}.AppStore|x64.ActiveCfg = Release|Any CPU
		{586C4E5B-EDEC-4172-98D4-685AC0D686AC}.AppStore|x64.Build.0 = Release|Any CPU
		{586C4E5B-EDEC-4172-98D4-685AC0D686AC}.AppStore|x64.Deploy.0 = Release|Any CPU
		{586C4E5B-EDEC-4172-98D4-685AC0D686AC}.AppStore|x86.ActiveCfg = Release|Any CPU
		{586C4E5B-EDEC-4172-98D4-685AC0D686AC}.AppStore|x86.Build.0 = Release|Any CPU
		{586C4E5B-EDEC-4172-98D4-685AC0D686AC}.AppStore|x86.Deploy.0 = Release|Any CPU
		{586C4E5B-EDEC-4172-98D4-685AC0D686AC}.Debug|Any CPU.ActiveCfg = Debug|Any CPU
		{586C4E5B-EDEC-4172-98D4-685AC0D686AC}.Debug|Any CPU.Build.0 = Debug|Any CPU
		{586C4E5B-EDEC-4172-98D4-685AC0D686AC}.Debug|Any CPU.Deploy.0 = Debug|Any CPU
		{586C4E5B-EDEC-4172-98D4-685AC0D686AC}.Debug|ARM.ActiveCfg = Debug|Any CPU
		{586C4E5B-EDEC-4172-98D4-685AC0D686AC}.Debug|ARM.Build.0 = Debug|Any CPU
		{586C4E5B-EDEC-4172-98D4-685AC0D686AC}.Debug|ARM.Deploy.0 = Debug|Any CPU
		{586C4E5B-EDEC-4172-98D4-685AC0D686AC}.Debug|iPhone.ActiveCfg = Debug|Any CPU
		{586C4E5B-EDEC-4172-98D4-685AC0D686AC}.Debug|iPhone.Build.0 = Debug|Any CPU
		{586C4E5B-EDEC-4172-98D4-685AC0D686AC}.Debug|iPhone.Deploy.0 = Debug|Any CPU
		{586C4E5B-EDEC-4172-98D4-685AC0D686AC}.Debug|iPhoneSimulator.ActiveCfg = Debug|Any CPU
		{586C4E5B-EDEC-4172-98D4-685AC0D686AC}.Debug|iPhoneSimulator.Build.0 = Debug|Any CPU
		{586C4E5B-EDEC-4172-98D4-685AC0D686AC}.Debug|iPhoneSimulator.Deploy.0 = Debug|Any CPU
		{586C4E5B-EDEC-4172-98D4-685AC0D686AC}.Debug|x64.ActiveCfg = Debug|Any CPU
		{586C4E5B-EDEC-4172-98D4-685AC0D686AC}.Debug|x64.Build.0 = Debug|Any CPU
		{586C4E5B-EDEC-4172-98D4-685AC0D686AC}.Debug|x64.Deploy.0 = Debug|Any CPU
		{586C4E5B-EDEC-4172-98D4-685AC0D686AC}.Debug|x86.ActiveCfg = Debug|Any CPU
		{586C4E5B-EDEC-4172-98D4-685AC0D686AC}.Debug|x86.Build.0 = Debug|Any CPU
		{586C4E5B-EDEC-4172-98D4-685AC0D686AC}.Debug|x86.Deploy.0 = Debug|Any CPU
		{586C4E5B-EDEC-4172-98D4-685AC0D686AC}.Release|Any CPU.ActiveCfg = Release|Any CPU
		{586C4E5B-EDEC-4172-98D4-685AC0D686AC}.Release|Any CPU.Build.0 = Release|Any CPU
		{586C4E5B-EDEC-4172-98D4-685AC0D686AC}.Release|Any CPU.Deploy.0 = Release|Any CPU
		{586C4E5B-EDEC-4172-98D4-685AC0D686AC}.Release|ARM.ActiveCfg = Release|Any CPU
		{586C4E5B-EDEC-4172-98D4-685AC0D686AC}.Release|ARM.Build.0 = Release|Any CPU
		{586C4E5B-EDEC-4172-98D4-685AC0D686AC}.Release|ARM.Deploy.0 = Release|Any CPU
		{586C4E5B-EDEC-4172-98D4-685AC0D686AC}.Release|iPhone.ActiveCfg = Release|Any CPU
		{586C4E5B-EDEC-4172-98D4-685AC0D686AC}.Release|iPhone.Build.0 = Release|Any CPU
		{586C4E5B-EDEC-4172-98D4-685AC0D686AC}.Release|iPhone.Deploy.0 = Release|Any CPU
		{586C4E5B-EDEC-4172-98D4-685AC0D686AC}.Release|iPhoneSimulator.ActiveCfg = Release|Any CPU
		{586C4E5B-EDEC-4172-98D4-685AC0D686AC}.Release|iPhoneSimulator.Build.0 = Release|Any CPU
		{586C4E5B-EDEC-4172-98D4-685AC0D686AC}.Release|iPhoneSimulator.Deploy.0 = Release|Any CPU
		{586C4E5B-EDEC-4172-98D4-685AC0D686AC}.Release|x64.ActiveCfg = Release|Any CPU
		{586C4E5B-EDEC-4172-98D4-685AC0D686AC}.Release|x64.Build.0 = Release|Any CPU
		{586C4E5B-EDEC-4172-98D4-685AC0D686AC}.Release|x64.Deploy.0 = Release|Any CPU
		{586C4E5B-EDEC-4172-98D4-685AC0D686AC}.Release|x86.ActiveCfg = Release|Any CPU
		{586C4E5B-EDEC-4172-98D4-685AC0D686AC}.Release|x86.Build.0 = Release|Any CPU
		{586C4E5B-EDEC-4172-98D4-685AC0D686AC}.Release|x86.Deploy.0 = Release|Any CPU
		{42656B07-D13C-45EC-9897-0F8EEF3430EC}.Ad-Hoc|Any CPU.ActiveCfg = Ad-Hoc|iPhone
		{42656B07-D13C-45EC-9897-0F8EEF3430EC}.Ad-Hoc|ARM.ActiveCfg = Ad-Hoc|iPhone
		{42656B07-D13C-45EC-9897-0F8EEF3430EC}.Ad-Hoc|iPhone.ActiveCfg = Ad-Hoc|iPhone
		{42656B07-D13C-45EC-9897-0F8EEF3430EC}.Ad-Hoc|iPhone.Build.0 = Ad-Hoc|iPhone
		{42656B07-D13C-45EC-9897-0F8EEF3430EC}.Ad-Hoc|iPhoneSimulator.ActiveCfg = Ad-Hoc|iPhoneSimulator
		{42656B07-D13C-45EC-9897-0F8EEF3430EC}.Ad-Hoc|iPhoneSimulator.Build.0 = Ad-Hoc|iPhoneSimulator
		{42656B07-D13C-45EC-9897-0F8EEF3430EC}.Ad-Hoc|x64.ActiveCfg = Ad-Hoc|iPhone
		{42656B07-D13C-45EC-9897-0F8EEF3430EC}.Ad-Hoc|x86.ActiveCfg = Ad-Hoc|iPhone
		{42656B07-D13C-45EC-9897-0F8EEF3430EC}.AppStore|Any CPU.ActiveCfg = AppStore|iPhone
		{42656B07-D13C-45EC-9897-0F8EEF3430EC}.AppStore|ARM.ActiveCfg = AppStore|iPhone
		{42656B07-D13C-45EC-9897-0F8EEF3430EC}.AppStore|iPhone.ActiveCfg = AppStore|iPhone
		{42656B07-D13C-45EC-9897-0F8EEF3430EC}.AppStore|iPhone.Build.0 = AppStore|iPhone
		{42656B07-D13C-45EC-9897-0F8EEF3430EC}.AppStore|iPhoneSimulator.ActiveCfg = AppStore|iPhoneSimulator
		{42656B07-D13C-45EC-9897-0F8EEF3430EC}.AppStore|iPhoneSimulator.Build.0 = AppStore|iPhoneSimulator
		{42656B07-D13C-45EC-9897-0F8EEF3430EC}.AppStore|x64.ActiveCfg = AppStore|iPhone
		{42656B07-D13C-45EC-9897-0F8EEF3430EC}.AppStore|x86.ActiveCfg = AppStore|iPhone
		{42656B07-D13C-45EC-9897-0F8EEF3430EC}.Debug|Any CPU.ActiveCfg = Debug|iPhone
		{42656B07-D13C-45EC-9897-0F8EEF3430EC}.Debug|ARM.ActiveCfg = Debug|iPhone
		{42656B07-D13C-45EC-9897-0F8EEF3430EC}.Debug|iPhone.ActiveCfg = Debug|iPhone
		{42656B07-D13C-45EC-9897-0F8EEF3430EC}.Debug|iPhone.Build.0 = Debug|iPhone
		{42656B07-D13C-45EC-9897-0F8EEF3430EC}.Debug|iPhoneSimulator.ActiveCfg = Debug|iPhoneSimulator
		{42656B07-D13C-45EC-9897-0F8EEF3430EC}.Debug|iPhoneSimulator.Build.0 = Debug|iPhoneSimulator
		{42656B07-D13C-45EC-9897-0F8EEF3430EC}.Debug|x64.ActiveCfg = Debug|iPhone
		{42656B07-D13C-45EC-9897-0F8EEF3430EC}.Debug|x86.ActiveCfg = Debug|iPhone
		{42656B07-D13C-45EC-9897-0F8EEF3430EC}.Release|Any CPU.ActiveCfg = Release|iPhone
		{42656B07-D13C-45EC-9897-0F8EEF3430EC}.Release|ARM.ActiveCfg = Release|iPhone
		{42656B07-D13C-45EC-9897-0F8EEF3430EC}.Release|iPhone.ActiveCfg = Release|iPhone
		{42656B07-D13C-45EC-9897-0F8EEF3430EC}.Release|iPhone.Build.0 = Release|iPhone
		{42656B07-D13C-45EC-9897-0F8EEF3430EC}.Release|iPhoneSimulator.ActiveCfg = Release|iPhoneSimulator
		{42656B07-D13C-45EC-9897-0F8EEF3430EC}.Release|iPhoneSimulator.Build.0 = Release|iPhoneSimulator
		{42656B07-D13C-45EC-9897-0F8EEF3430EC}.Release|x64.ActiveCfg = Release|iPhone
		{42656B07-D13C-45EC-9897-0F8EEF3430EC}.Release|x86.ActiveCfg = Release|iPhone
		{068699F3-CF13-41F7-9A9C-F8A7D893AEBC}.Ad-Hoc|Any CPU.ActiveCfg = Debug|Any CPU
		{068699F3-CF13-41F7-9A9C-F8A7D893AEBC}.Ad-Hoc|Any CPU.Build.0 = Debug|Any CPU
		{068699F3-CF13-41F7-9A9C-F8A7D893AEBC}.Ad-Hoc|ARM.ActiveCfg = Debug|Any CPU
		{068699F3-CF13-41F7-9A9C-F8A7D893AEBC}.Ad-Hoc|ARM.Build.0 = Debug|Any CPU
		{068699F3-CF13-41F7-9A9C-F8A7D893AEBC}.Ad-Hoc|iPhone.ActiveCfg = Debug|Any CPU
		{068699F3-CF13-41F7-9A9C-F8A7D893AEBC}.Ad-Hoc|iPhone.Build.0 = Debug|Any CPU
		{068699F3-CF13-41F7-9A9C-F8A7D893AEBC}.Ad-Hoc|iPhoneSimulator.ActiveCfg = Debug|Any CPU
		{068699F3-CF13-41F7-9A9C-F8A7D893AEBC}.Ad-Hoc|iPhoneSimulator.Build.0 = Debug|Any CPU
		{068699F3-CF13-41F7-9A9C-F8A7D893AEBC}.Ad-Hoc|x64.ActiveCfg = Debug|Any CPU
		{068699F3-CF13-41F7-9A9C-F8A7D893AEBC}.Ad-Hoc|x64.Build.0 = Debug|Any CPU
		{068699F3-CF13-41F7-9A9C-F8A7D893AEBC}.Ad-Hoc|x86.ActiveCfg = Debug|Any CPU
		{068699F3-CF13-41F7-9A9C-F8A7D893AEBC}.Ad-Hoc|x86.Build.0 = Debug|Any CPU
		{068699F3-CF13-41F7-9A9C-F8A7D893AEBC}.AppStore|Any CPU.ActiveCfg = Debug|Any CPU
		{068699F3-CF13-41F7-9A9C-F8A7D893AEBC}.AppStore|Any CPU.Build.0 = Debug|Any CPU
		{068699F3-CF13-41F7-9A9C-F8A7D893AEBC}.AppStore|ARM.ActiveCfg = Debug|Any CPU
		{068699F3-CF13-41F7-9A9C-F8A7D893AEBC}.AppStore|ARM.Build.0 = Debug|Any CPU
		{068699F3-CF13-41F7-9A9C-F8A7D893AEBC}.AppStore|iPhone.ActiveCfg = Debug|Any CPU
		{068699F3-CF13-41F7-9A9C-F8A7D893AEBC}.AppStore|iPhone.Build.0 = Debug|Any CPU
		{068699F3-CF13-41F7-9A9C-F8A7D893AEBC}.AppStore|iPhoneSimulator.ActiveCfg = Debug|Any CPU
		{068699F3-CF13-41F7-9A9C-F8A7D893AEBC}.AppStore|iPhoneSimulator.Build.0 = Debug|Any CPU
		{068699F3-CF13-41F7-9A9C-F8A7D893AEBC}.AppStore|x64.ActiveCfg = Debug|Any CPU
		{068699F3-CF13-41F7-9A9C-F8A7D893AEBC}.AppStore|x64.Build.0 = Debug|Any CPU
		{068699F3-CF13-41F7-9A9C-F8A7D893AEBC}.AppStore|x86.ActiveCfg = Debug|Any CPU
		{068699F3-CF13-41F7-9A9C-F8A7D893AEBC}.AppStore|x86.Build.0 = Debug|Any CPU
		{068699F3-CF13-41F7-9A9C-F8A7D893AEBC}.Debug|Any CPU.ActiveCfg = Debug|Any CPU
		{068699F3-CF13-41F7-9A9C-F8A7D893AEBC}.Debug|Any CPU.Build.0 = Debug|Any CPU
		{068699F3-CF13-41F7-9A9C-F8A7D893AEBC}.Debug|ARM.ActiveCfg = Debug|Any CPU
		{068699F3-CF13-41F7-9A9C-F8A7D893AEBC}.Debug|ARM.Build.0 = Debug|Any CPU
		{068699F3-CF13-41F7-9A9C-F8A7D893AEBC}.Debug|iPhone.ActiveCfg = Debug|Any CPU
		{068699F3-CF13-41F7-9A9C-F8A7D893AEBC}.Debug|iPhone.Build.0 = Debug|Any CPU
		{068699F3-CF13-41F7-9A9C-F8A7D893AEBC}.Debug|iPhoneSimulator.ActiveCfg = Debug|Any CPU
		{068699F3-CF13-41F7-9A9C-F8A7D893AEBC}.Debug|iPhoneSimulator.Build.0 = Debug|Any CPU
		{068699F3-CF13-41F7-9A9C-F8A7D893AEBC}.Debug|x64.ActiveCfg = Debug|Any CPU
		{068699F3-CF13-41F7-9A9C-F8A7D893AEBC}.Debug|x64.Build.0 = Debug|Any CPU
		{068699F3-CF13-41F7-9A9C-F8A7D893AEBC}.Debug|x86.ActiveCfg = Debug|Any CPU
		{068699F3-CF13-41F7-9A9C-F8A7D893AEBC}.Debug|x86.Build.0 = Debug|Any CPU
		{068699F3-CF13-41F7-9A9C-F8A7D893AEBC}.Release|Any CPU.ActiveCfg = Release|Any CPU
		{068699F3-CF13-41F7-9A9C-F8A7D893AEBC}.Release|Any CPU.Build.0 = Release|Any CPU
		{068699F3-CF13-41F7-9A9C-F8A7D893AEBC}.Release|ARM.ActiveCfg = Release|Any CPU
		{068699F3-CF13-41F7-9A9C-F8A7D893AEBC}.Release|ARM.Build.0 = Release|Any CPU
		{068699F3-CF13-41F7-9A9C-F8A7D893AEBC}.Release|iPhone.ActiveCfg = Release|Any CPU
		{068699F3-CF13-41F7-9A9C-F8A7D893AEBC}.Release|iPhone.Build.0 = Release|Any CPU
		{068699F3-CF13-41F7-9A9C-F8A7D893AEBC}.Release|iPhoneSimulator.ActiveCfg = Release|Any CPU
		{068699F3-CF13-41F7-9A9C-F8A7D893AEBC}.Release|iPhoneSimulator.Build.0 = Release|Any CPU
		{068699F3-CF13-41F7-9A9C-F8A7D893AEBC}.Release|x64.ActiveCfg = Release|Any CPU
		{068699F3-CF13-41F7-9A9C-F8A7D893AEBC}.Release|x64.Build.0 = Release|Any CPU
		{068699F3-CF13-41F7-9A9C-F8A7D893AEBC}.Release|x86.ActiveCfg = Release|Any CPU
		{068699F3-CF13-41F7-9A9C-F8A7D893AEBC}.Release|x86.Build.0 = Release|Any CPU
	EndGlobalSection
	GlobalSection(SolutionProperties) = preSolution
		HideSolutionNode = FALSE
	EndGlobalSection
	GlobalSection(ExtensibilityGlobals) = postSolution
		SolutionGuid = {4F251F14-AFEA-4A2F-A876-DE04DBB18A57}
	EndGlobalSection
EndGlobal
